
Microsoft Visual Studio Solution File, Format Version 12.00
# Visual Studio Version 16
VisualStudioVersion = 16.0.30114.105
MinimumVisualStudioVersion = 10.0.40219.1
Project("{9A19103F-16F7-4668-BE54-9A1E7A4F7556}") = "SportsStore", "SportsStore\SportsStore.csproj", "{AB1D87BB-81F7-46A3-BEDD-5D009228FBC2}"
EndProject
Project("{9A19103F-16F7-4668-BE54-9A1E7A4F7556}") = "SportsStore.Tests", "SportsStore.Tests\SportsStore.Tests.csproj", "{BA1A716E-10E7-4C96-890E-F7986C0C8CAC}"
EndProject
Global
	GlobalSection(SolutionConfigurationPlatforms) = preSolution
		Debug|Any CPU = Debug|Any CPU
		Debug|x64 = Debug|x64
		Debug|x86 = Debug|x86
		Release|Any CPU = Release|Any CPU
		Release|x64 = Release|x64
		Release|x86 = Release|x86
	EndGlobalSection
	GlobalSection(ProjectConfigurationPlatforms) = postSolution
		{AB1D87BB-81F7-46A3-BEDD-5D009228FBC2}.Debug|Any CPU.ActiveCfg = Debug|Any CPU
		{AB1D87BB-81F7-46A3-BEDD-5D009228FBC2}.Debug|Any CPU.Build.0 = Debug|Any CPU
		{AB1D87BB-81F7-46A3-BEDD-5D009228FBC2}.Debug|x64.ActiveCfg = Debug|Any CPU
		{AB1D87BB-81F7-46A3-BEDD-5D009228FBC2}.Debug|x64.Build.0 = Debug|Any CPU
		{AB1D87BB-81F7-46A3-BEDD-5D009228FBC2}.Debug|x86.ActiveCfg = Debug|Any CPU
		{AB1D87BB-81F7-46A3-BEDD-5D009228FBC2}.Debug|x86.Build.0 = Debug|Any CPU
		{AB1D87BB-81F7-46A3-BEDD-5D009228FBC2}.Release|Any CPU.ActiveCfg = Release|Any CPU
		{AB1D87BB-81F7-46A3-BEDD-5D009228FBC2}.Release|Any CPU.Build.0 = Release|Any CPU
		{AB1D87BB-81F7-46A3-BEDD-5D009228FBC2}.Release|x64.ActiveCfg = Release|Any CPU
		{AB1D87BB-81F7-46A3-BEDD-5D009228FBC2}.Release|x64.Build.0 = Release|Any CPU
		{AB1D87BB-81F7-46A3-BEDD-5D009228FBC2}.Release|x86.ActiveCfg = Release|Any CPU
		{AB1D87BB-81F7-46A3-BEDD-5D009228FBC2}.Release|x86.Build.0 = Release|Any CPU
		{BA1A716E-10E7-4C96-890E-F7986C0C8CAC}.Debug|Any CPU.ActiveCfg = Debug|Any CPU
		{BA1A716E-10E7-4C96-890E-F7986C0C8CAC}.Debug|Any CPU.Build.0 = Debug|Any CPU
		{BA1A716E-10E7-4C96-890E-F7986C0C8CAC}.Debug|x64.ActiveCfg = Debug|Any CPU
		{BA1A716E-10E7-4C96-890E-F7986C0C8CAC}.Debug|x64.Build.0 = Debug|Any CPU
		{BA1A716E-10E7-4C96-890E-F7986C0C8CAC}.Debug|x86.ActiveCfg = Debug|Any CPU
		{BA1A716E-10E7-4C96-890E-F7986C0C8CAC}.Debug|x86.Build.0 = Debug|Any CPU
		{BA1A716E-10E7-4C96-890E-F7986C0C8CAC}.Release|Any CPU.ActiveCfg = Release|Any CPU
		{BA1A716E-10E7-4C96-890E-F7986C0C8CAC}.Release|Any CPU.Build.0 = Release|Any CPU
		{BA1A716E-10E7-4C96-890E-F7986C0C8CAC}.Release|x64.ActiveCfg = Release|Any CPU
		{BA1A716E-10E7-4C96-890E-F7986C0C8CAC}.Release|x64.Build.0 = Release|Any CPU
		{BA1A716E-10E7-4C96-890E-F7986C0C8CAC}.Release|x86.ActiveCfg = Release|Any CPU
		{BA1A716E-10E7-4C96-890E-F7986C0C8CAC}.Release|x86.Build.0 = Release|Any CPU
	EndGlobalSection
	GlobalSection(SolutionProperties) = preSolution
		HideSolutionNode = FALSE
	EndGlobalSection
	GlobalSection(ExtensibilityGlobals) = postSolution
		SolutionGuid = {7FD79A2A-AC8A-4498-A033-653B0192F8A3}
	EndGlobalSection
EndGlobal
